
Microsoft Visual Studio Solution File, Format Version 12.00
# Visual Studio Version 16
VisualStudioVersion = 16.0.30611.23
MinimumVisualStudioVersion = 10.0.40219.1
Project("{FAE04EC0-301F-11D3-BF4B-00C04F79EFBC}") = "MoltiBGW", "MoltiBGW.csproj", "{84CB61AF-8A1A-4B61-A972-527CBB53E025}"
EndProject
Global
	GlobalSection(SolutionConfigurationPlatforms) = preSolution
		Debug|Any CPU = Debug|Any CPU
		Release|Any CPU = Release|Any CPU
	EndGlobalSection
	GlobalSection(ProjectConfigurationPlatforms) = postSolution
		{84CB61AF-8A1A-4B61-A972-527CBB53E025}.Debug|Any CPU.ActiveCfg = Debug|Any CPU
		{84CB61AF-8A1A-4B61-A972-527CBB53E025}.Debug|Any CPU.Build.0 = Debug|Any CPU
		{84CB61AF-8A1A-4B61-A972-527CBB53E025}.Release|Any CPU.ActiveCfg = Release|Any CPU
		{84CB61AF-8A1A-4B61-A972-527CBB53E025}.Release|Any CPU.Build.0 = Release|Any CPU
	EndGlobalSection
	GlobalSection(SolutionProperties) = preSolution
		HideSolutionNode = FALSE
	EndGlobalSection
	GlobalSection(ExtensibilityGlobals) = postSolution
		SolutionGuid = {FA6E6074-8581-4FA3-BB77-4E540BF81830}
	EndGlobalSection
EndGlobal
